
Microsoft Visual Studio Solution File, Format Version 12.00
# Visual Studio Version 17
VisualStudioVersion = 17.10.35013.160
MinimumVisualStudioVersion = 10.0.40219.1
Project("{9A19103F-16F7-4668-BE54-9A1E7A4F7556}") = "FluxoCaixa.Worker", "FluxoCaixa.Worker\FluxoCaixa.Worker.csproj", "{ED29581A-5CEA-47A5-9EAC-1E75A0BA79B4}"
EndProject
Project("{2150E333-8FDC-42A3-9474-1A3956D46DE8}") = "2.0 - Services - Rest", "2.0 - Services - Rest", "{A75C0E2D-E1E7-4AD8-BCD9-876AB9F921B9}"
EndProject
Project("{2150E333-8FDC-42A3-9474-1A3956D46DE8}") = "3 - Domain Master", "3 - Domain Master", "{91989AF7-622C-47F1-8485-D034720425FE}"
EndProject
Project("{2150E333-8FDC-42A3-9474-1A3956D46DE8}") = "2.3 - Service", "2.3 - Service", "{C16757E7-76FF-4BB9-9FE0-870980127D55}"
EndProject
Project("{2150E333-8FDC-42A3-9474-1A3956D46DE8}") = "2.4 - Repository", "2.4 - Repository", "{21E6C511-8B2B-47ED-9D5C-55A13AA94F0D}"
EndProject
Project("{2150E333-8FDC-42A3-9474-1A3956D46DE8}") = "4 - Infra", "4 - Infra", "{E38F72B3-E304-45C9-8343-91839E273023}"
EndProject
Project("{9A19103F-16F7-4668-BE54-9A1E7A4F7556}") = "FluxoCaixa.Service.Lancamentos", "FluxoCaixa.Service.Lancamentos\FluxoCaixa.Service.Lancamentos.csproj", "{700C369E-2B28-40B4-BF4F-AE36C91FF0EE}"
EndProject
Project("{9A19103F-16F7-4668-BE54-9A1E7A4F7556}") = "FluxoCaixa.Service.Consolidado", "FluxoCaixa.Service.Consolidado\FluxoCaixa.Service.Consolidado.csproj", "{F4EE7DEB-19BB-479E-ACD6-62B75232804D}"
EndProject
Project("{9A19103F-16F7-4668-BE54-9A1E7A4F7556}") = "FluxoCaixa.Domain.Consolidado", "FluxoCaixa.Domain.Consolidado\FluxoCaixa.Domain.Consolidado.csproj", "{1B91E8BE-5DFA-474E-930C-B6E90BFEB7E3}"
EndProject
Project("{9A19103F-16F7-4668-BE54-9A1E7A4F7556}") = "FluxoCaixa.Domain.Lancamentos", "FluxoCaixa.Domain.Lancamentos\FluxoCaixa.Domain.Lancamentos.csproj", "{B087871E-5885-47E8-A75F-9F68C96DF46A}"
EndProject
Project("{9A19103F-16F7-4668-BE54-9A1E7A4F7556}") = "FluxoCaixa.Repository.Lancamentos", "FluxoCaixa.Repository.Lancamentos\FluxoCaixa.Repository.Lancamentos.csproj", "{021E3E4A-F9E6-407A-9693-26E88522D733}"
EndProject
Project("{9A19103F-16F7-4668-BE54-9A1E7A4F7556}") = "FluxoCaixa.Repository.Consolidado", "FluxoCaixa.Repository.Consolidado\FluxoCaixa.Repository.Consolidado.csproj", "{FB501B7C-FB5C-450B-BAFF-BC6C0EA74A30}"
EndProject
Project("{9A19103F-16F7-4668-BE54-9A1E7A4F7556}") = "FluxoCaixa.Api.Consolidado", "FluxoCaixa.Api.Consolidado\FluxoCaixa.Api.Consolidado.csproj", "{752533E7-1373-4335-9AD1-7624983C5BEE}"
EndProject
Project("{9A19103F-16F7-4668-BE54-9A1E7A4F7556}") = "FluxoCaixa.Api.Lancamento", "FluxoCaixa.Api.Lancamento\FluxoCaixa.Api.Lancamento.csproj", "{EB1842FF-A5E4-49F0-B7B0-E77965B621A3}"
EndProject
Project("{2150E333-8FDC-42A3-9474-1A3956D46DE8}") = "1.1 - Worker", "1.1 - Worker", "{6599AC27-E810-4071-BE91-2648E2112C2A}"
EndProject
Project("{9A19103F-16F7-4668-BE54-9A1E7A4F7556}") = "FluxoCaixa.Domain.Master", "FluxoCaixa.Domain.Master\FluxoCaixa.Domain.Master.csproj", "{4BA27A08-7B8D-4332-BCD0-9246ABA932C2}"
EndProject
Project("{9A19103F-16F7-4668-BE54-9A1E7A4F7556}") = "FluxoCaixa.Ioc.Consolidado", "FluxoCaixa.Ioc.Consolidado\FluxoCaixa.Ioc.Consolidado.csproj", "{1D48226F-9C0A-45F5-9802-EB7BBED881C7}"
EndProject
Project("{9A19103F-16F7-4668-BE54-9A1E7A4F7556}") = "FluxoCaixa.Ioc.Lancamento", "FluxoCaixa.Ioc.Lancamento\FluxoCaixa.Ioc.Lancamento.csproj", "{1F47F7EB-0480-48D1-AEBE-212BB79F838A}"
EndProject
Project("{9A19103F-16F7-4668-BE54-9A1E7A4F7556}") = "FluxoCaixa.Api.Auth", "FluxoCaixa.Api.Auth\FluxoCaixa.Api.Auth.csproj", "{F06A986F-A3E1-458F-B215-AE72C5808946}"
EndProject
Project("{2150E333-8FDC-42A3-9474-1A3956D46DE8}") = "1 - Lançamentos", "1 - Lançamentos", "{70FAF23E-D47F-49C0-84E3-ADEEE47B4DD8}"
EndProject
Project("{2150E333-8FDC-42A3-9474-1A3956D46DE8}") = "1.0 - Services - Rest", "1.0 - Services - Rest", "{4BD66D90-6CDD-40BD-9AF7-62A7FCF862B9}"
EndProject
Project("{2150E333-8FDC-42A3-9474-1A3956D46DE8}") = "2 - Consolidado", "2 - Consolidado", "{96A64FFF-D671-4867-A97C-A78C0E3DF23B}"
EndProject
Project("{2150E333-8FDC-42A3-9474-1A3956D46DE8}") = "1.2 - Domain", "1.2 - Domain", "{2379A08D-C92F-4E4D-9EA7-6ABE81B4C261}"
EndProject
Project("{2150E333-8FDC-42A3-9474-1A3956D46DE8}") = "2.2 Domain", "2.2 Domain", "{7D30B138-45E5-4B30-8494-331155E26171}"
EndProject
Project("{2150E333-8FDC-42A3-9474-1A3956D46DE8}") = "1.3 - Service", "1.3 - Service", "{0913E5BA-0205-4BCA-B63B-842668B2F6F6}"
EndProject
Project("{2150E333-8FDC-42A3-9474-1A3956D46DE8}") = "1.4 - Repository", "1.4 - Repository", "{175A117F-B624-4C4E-B77C-9DD166276CB1}"
EndProject
Project("{2150E333-8FDC-42A3-9474-1A3956D46DE8}") = "1.5 - Infra", "1.5 - Infra", "{AF59DE37-701F-495A-BE31-C5DD24CB0D1F}"
EndProject
Project("{2150E333-8FDC-42A3-9474-1A3956D46DE8}") = "2.5 - Infra", "2.5 - Infra", "{D031D278-1BDA-4B55-9644-297CE104C1C1}"
EndProject
Project("{9A19103F-16F7-4668-BE54-9A1E7A4F7556}") = "FluxoCaixa.Api.Config", "FluxoCaixa.Api.Config\FluxoCaixa.Api.Config.csproj", "{6D599C69-2275-405B-A8C0-B1BC37EAF2FE}"
EndProject
Project("{FAE04EC0-301F-11D3-BF4B-00C04F79EFBC}") = "FluxoCaixa.Bus.Lancamentos", "FluxoCaixa.Bus.Lancamentos\FluxoCaixa.Bus.Lancamentos.csproj", "{B381C00D-46EC-491C-819C-8D27208E77AE}"
EndProject
Global
	GlobalSection(SolutionConfigurationPlatforms) = preSolution
		Debug|Any CPU = Debug|Any CPU
		Release|Any CPU = Release|Any CPU
	EndGlobalSection
	GlobalSection(ProjectConfigurationPlatforms) = postSolution
		{ED29581A-5CEA-47A5-9EAC-1E75A0BA79B4}.Debug|Any CPU.ActiveCfg = Debug|Any CPU
		{ED29581A-5CEA-47A5-9EAC-1E75A0BA79B4}.Debug|Any CPU.Build.0 = Debug|Any CPU
		{ED29581A-5CEA-47A5-9EAC-1E75A0BA79B4}.Release|Any CPU.ActiveCfg = Release|Any CPU
		{ED29581A-5CEA-47A5-9EAC-1E75A0BA79B4}.Release|Any CPU.Build.0 = Release|Any CPU
		{700C369E-2B28-40B4-BF4F-AE36C91FF0EE}.Debug|Any CPU.ActiveCfg = Debug|Any CPU
		{700C369E-2B28-40B4-BF4F-AE36C91FF0EE}.Debug|Any CPU.Build.0 = Debug|Any CPU
		{700C369E-2B28-40B4-BF4F-AE36C91FF0EE}.Release|Any CPU.ActiveCfg = Release|Any CPU
		{700C369E-2B28-40B4-BF4F-AE36C91FF0EE}.Release|Any CPU.Build.0 = Release|Any CPU
		{F4EE7DEB-19BB-479E-ACD6-62B75232804D}.Debug|Any CPU.ActiveCfg = Debug|Any CPU
		{F4EE7DEB-19BB-479E-ACD6-62B75232804D}.Debug|Any CPU.Build.0 = Debug|Any CPU
		{F4EE7DEB-19BB-479E-ACD6-62B75232804D}.Release|Any CPU.ActiveCfg = Release|Any CPU
		{F4EE7DEB-19BB-479E-ACD6-62B75232804D}.Release|Any CPU.Build.0 = Release|Any CPU
		{1B91E8BE-5DFA-474E-930C-B6E90BFEB7E3}.Debug|Any CPU.ActiveCfg = Debug|Any CPU
		{1B91E8BE-5DFA-474E-930C-B6E90BFEB7E3}.Debug|Any CPU.Build.0 = Debug|Any CPU
		{1B91E8BE-5DFA-474E-930C-B6E90BFEB7E3}.Release|Any CPU.ActiveCfg = Release|Any CPU
		{1B91E8BE-5DFA-474E-930C-B6E90BFEB7E3}.Release|Any CPU.Build.0 = Release|Any CPU
		{B087871E-5885-47E8-A75F-9F68C96DF46A}.Debug|Any CPU.ActiveCfg = Debug|Any CPU
		{B087871E-5885-47E8-A75F-9F68C96DF46A}.Debug|Any CPU.Build.0 = Debug|Any CPU
		{B087871E-5885-47E8-A75F-9F68C96DF46A}.Release|Any CPU.ActiveCfg = Release|Any CPU
		{B087871E-5885-47E8-A75F-9F68C96DF46A}.Release|Any CPU.Build.0 = Release|Any CPU
		{021E3E4A-F9E6-407A-9693-26E88522D733}.Debug|Any CPU.ActiveCfg = Debug|Any CPU
		{021E3E4A-F9E6-407A-9693-26E88522D733}.Debug|Any CPU.Build.0 = Debug|Any CPU
		{021E3E4A-F9E6-407A-9693-26E88522D733}.Release|Any CPU.ActiveCfg = Release|Any CPU
		{021E3E4A-F9E6-407A-9693-26E88522D733}.Release|Any CPU.Build.0 = Release|Any CPU
		{FB501B7C-FB5C-450B-BAFF-BC6C0EA74A30}.Debug|Any CPU.ActiveCfg = Debug|Any CPU
		{FB501B7C-FB5C-450B-BAFF-BC6C0EA74A30}.Debug|Any CPU.Build.0 = Debug|Any CPU
		{FB501B7C-FB5C-450B-BAFF-BC6C0EA74A30}.Release|Any CPU.ActiveCfg = Release|Any CPU
		{FB501B7C-FB5C-450B-BAFF-BC6C0EA74A30}.Release|Any CPU.Build.0 = Release|Any CPU
		{752533E7-1373-4335-9AD1-7624983C5BEE}.Debug|Any CPU.ActiveCfg = Debug|Any CPU
		{752533E7-1373-4335-9AD1-7624983C5BEE}.Debug|Any CPU.Build.0 = Debug|Any CPU
		{752533E7-1373-4335-9AD1-7624983C5BEE}.Release|Any CPU.ActiveCfg = Release|Any CPU
		{752533E7-1373-4335-9AD1-7624983C5BEE}.Release|Any CPU.Build.0 = Release|Any CPU
		{EB1842FF-A5E4-49F0-B7B0-E77965B621A3}.Debug|Any CPU.ActiveCfg = Debug|Any CPU
		{EB1842FF-A5E4-49F0-B7B0-E77965B621A3}.Debug|Any CPU.Build.0 = Debug|Any CPU
		{EB1842FF-A5E4-49F0-B7B0-E77965B621A3}.Release|Any CPU.ActiveCfg = Release|Any CPU
		{EB1842FF-A5E4-49F0-B7B0-E77965B621A3}.Release|Any CPU.Build.0 = Release|Any CPU
		{4BA27A08-7B8D-4332-BCD0-9246ABA932C2}.Debug|Any CPU.ActiveCfg = Debug|Any CPU
		{4BA27A08-7B8D-4332-BCD0-9246ABA932C2}.Debug|Any CPU.Build.0 = Debug|Any CPU
		{4BA27A08-7B8D-4332-BCD0-9246ABA932C2}.Release|Any CPU.ActiveCfg = Release|Any CPU
		{4BA27A08-7B8D-4332-BCD0-9246ABA932C2}.Release|Any CPU.Build.0 = Release|Any CPU
		{1D48226F-9C0A-45F5-9802-EB7BBED881C7}.Debug|Any CPU.ActiveCfg = Debug|Any CPU
		{1D48226F-9C0A-45F5-9802-EB7BBED881C7}.Debug|Any CPU.Build.0 = Debug|Any CPU
		{1D48226F-9C0A-45F5-9802-EB7BBED881C7}.Release|Any CPU.ActiveCfg = Release|Any CPU
		{1D48226F-9C0A-45F5-9802-EB7BBED881C7}.Release|Any CPU.Build.0 = Release|Any CPU
		{1F47F7EB-0480-48D1-AEBE-212BB79F838A}.Debug|Any CPU.ActiveCfg = Debug|Any CPU
		{1F47F7EB-0480-48D1-AEBE-212BB79F838A}.Debug|Any CPU.Build.0 = Debug|Any CPU
		{1F47F7EB-0480-48D1-AEBE-212BB79F838A}.Release|Any CPU.ActiveCfg = Release|Any CPU
		{1F47F7EB-0480-48D1-AEBE-212BB79F838A}.Release|Any CPU.Build.0 = Release|Any CPU
		{F06A986F-A3E1-458F-B215-AE72C5808946}.Debug|Any CPU.ActiveCfg = Debug|Any CPU
		{F06A986F-A3E1-458F-B215-AE72C5808946}.Debug|Any CPU.Build.0 = Debug|Any CPU
		{F06A986F-A3E1-458F-B215-AE72C5808946}.Release|Any CPU.ActiveCfg = Release|Any CPU
		{F06A986F-A3E1-458F-B215-AE72C5808946}.Release|Any CPU.Build.0 = Release|Any CPU
		{6D599C69-2275-405B-A8C0-B1BC37EAF2FE}.Debug|Any CPU.ActiveCfg = Debug|Any CPU
		{6D599C69-2275-405B-A8C0-B1BC37EAF2FE}.Debug|Any CPU.Build.0 = Debug|Any CPU
		{6D599C69-2275-405B-A8C0-B1BC37EAF2FE}.Release|Any CPU.ActiveCfg = Release|Any CPU
		{6D599C69-2275-405B-A8C0-B1BC37EAF2FE}.Release|Any CPU.Build.0 = Release|Any CPU
		{B381C00D-46EC-491C-819C-8D27208E77AE}.Debug|Any CPU.ActiveCfg = Debug|Any CPU
		{B381C00D-46EC-491C-819C-8D27208E77AE}.Debug|Any CPU.Build.0 = Debug|Any CPU
		{B381C00D-46EC-491C-819C-8D27208E77AE}.Release|Any CPU.ActiveCfg = Release|Any CPU
		{B381C00D-46EC-491C-819C-8D27208E77AE}.Release|Any CPU.Build.0 = Release|Any CPU
	EndGlobalSection
	GlobalSection(SolutionProperties) = preSolution
		HideSolutionNode = FALSE
	EndGlobalSection
	GlobalSection(NestedProjects) = preSolution
		{ED29581A-5CEA-47A5-9EAC-1E75A0BA79B4} = {6599AC27-E810-4071-BE91-2648E2112C2A}
		{A75C0E2D-E1E7-4AD8-BCD9-876AB9F921B9} = {96A64FFF-D671-4867-A97C-A78C0E3DF23B}
		{C16757E7-76FF-4BB9-9FE0-870980127D55} = {96A64FFF-D671-4867-A97C-A78C0E3DF23B}
		{21E6C511-8B2B-47ED-9D5C-55A13AA94F0D} = {96A64FFF-D671-4867-A97C-A78C0E3DF23B}
		{700C369E-2B28-40B4-BF4F-AE36C91FF0EE} = {0913E5BA-0205-4BCA-B63B-842668B2F6F6}
		{F4EE7DEB-19BB-479E-ACD6-62B75232804D} = {C16757E7-76FF-4BB9-9FE0-870980127D55}
		{1B91E8BE-5DFA-474E-930C-B6E90BFEB7E3} = {7D30B138-45E5-4B30-8494-331155E26171}
		{B087871E-5885-47E8-A75F-9F68C96DF46A} = {2379A08D-C92F-4E4D-9EA7-6ABE81B4C261}
		{021E3E4A-F9E6-407A-9693-26E88522D733} = {175A117F-B624-4C4E-B77C-9DD166276CB1}
		{FB501B7C-FB5C-450B-BAFF-BC6C0EA74A30} = {21E6C511-8B2B-47ED-9D5C-55A13AA94F0D}
		{752533E7-1373-4335-9AD1-7624983C5BEE} = {A75C0E2D-E1E7-4AD8-BCD9-876AB9F921B9}
		{EB1842FF-A5E4-49F0-B7B0-E77965B621A3} = {4BD66D90-6CDD-40BD-9AF7-62A7FCF862B9}
		{6599AC27-E810-4071-BE91-2648E2112C2A} = {70FAF23E-D47F-49C0-84E3-ADEEE47B4DD8}
		{4BA27A08-7B8D-4332-BCD0-9246ABA932C2} = {91989AF7-622C-47F1-8485-D034720425FE}
		{1D48226F-9C0A-45F5-9802-EB7BBED881C7} = {D031D278-1BDA-4B55-9644-297CE104C1C1}
		{1F47F7EB-0480-48D1-AEBE-212BB79F838A} = {AF59DE37-701F-495A-BE31-C5DD24CB0D1F}
		{F06A986F-A3E1-458F-B215-AE72C5808946} = {E38F72B3-E304-45C9-8343-91839E273023}
		{4BD66D90-6CDD-40BD-9AF7-62A7FCF862B9} = {70FAF23E-D47F-49C0-84E3-ADEEE47B4DD8}
		{2379A08D-C92F-4E4D-9EA7-6ABE81B4C261} = {70FAF23E-D47F-49C0-84E3-ADEEE47B4DD8}
		{7D30B138-45E5-4B30-8494-331155E26171} = {96A64FFF-D671-4867-A97C-A78C0E3DF23B}
		{0913E5BA-0205-4BCA-B63B-842668B2F6F6} = {70FAF23E-D47F-49C0-84E3-ADEEE47B4DD8}
		{175A117F-B624-4C4E-B77C-9DD166276CB1} = {70FAF23E-D47F-49C0-84E3-ADEEE47B4DD8}
		{AF59DE37-701F-495A-BE31-C5DD24CB0D1F} = {70FAF23E-D47F-49C0-84E3-ADEEE47B4DD8}
		{D031D278-1BDA-4B55-9644-297CE104C1C1} = {96A64FFF-D671-4867-A97C-A78C0E3DF23B}
		{6D599C69-2275-405B-A8C0-B1BC37EAF2FE} = {E38F72B3-E304-45C9-8343-91839E273023}
		{B381C00D-46EC-491C-819C-8D27208E77AE} = {0913E5BA-0205-4BCA-B63B-842668B2F6F6}
	EndGlobalSection
	GlobalSection(ExtensibilityGlobals) = postSolution
		SolutionGuid = {562C9638-0EA9-42AE-8080-D7E0E5038560}
	EndGlobalSection
EndGlobal
