
Microsoft Visual Studio Solution File, Format Version 12.00
# Visual Studio Version 17
VisualStudioVersion = 17.5.33516.290
MinimumVisualStudioVersion = 10.0.40219.1
Project("{9A19103F-16F7-4668-BE54-9A1E7A4F7556}") = "FluxoDeCaixa.Api", "FluxoDeCaixa.Api\FluxoDeCaixa.Api.csproj", "{1D1BC8F2-A2E1-4553-9A65-772F51C0F651}"
EndProject
Project("{2150E333-8FDC-42A3-9474-1A3956D46DE8}") = "1 - Rest", "1 - Rest", "{4727DBB8-D7DC-4C23-87C9-94F3E3FEC410}"
EndProject
Project("{2150E333-8FDC-42A3-9474-1A3956D46DE8}") = "2 - App", "2 - App", "{941597EB-E2B3-4A99-BC10-ACF319DE1840}"
EndProject
Project("{2150E333-8FDC-42A3-9474-1A3956D46DE8}") = "3 - Domain", "3 - Domain", "{7BDBAF75-EAD5-4454-B6F9-50CF5B466ED3}"
EndProject
Project("{2150E333-8FDC-42A3-9474-1A3956D46DE8}") = "4 - Service", "4 - Service", "{9FF49C6C-9ABC-4AA2-9C7B-74C0ED64B2B8}"
EndProject
Project("{2150E333-8FDC-42A3-9474-1A3956D46DE8}") = "5 - Repository", "5 - Repository", "{1218032F-10E9-48B3-BB33-2810CCA252D2}"
EndProject
Project("{2150E333-8FDC-42A3-9474-1A3956D46DE8}") = "6 - Infra", "6 - Infra", "{1EEE71C1-B278-4A3D-B030-DAE042EFA374}"
EndProject
Project("{9A19103F-16F7-4668-BE54-9A1E7A4F7556}") = "FluxoDeCaixa.App", "FluxoDeCaixa.App\FluxoDeCaixa.App.csproj", "{24544CF0-4732-4080-B557-0B70BA3F7AC7}"
EndProject
Project("{9A19103F-16F7-4668-BE54-9A1E7A4F7556}") = "FluxoDeCaixa.Domain", "FluxoDeCaixa.Domain\FluxoDeCaixa.Domain.csproj", "{583178D9-0002-4894-B9AC-6AD6CA85F7F2}"
EndProject
Project("{9A19103F-16F7-4668-BE54-9A1E7A4F7556}") = "FluxoDeCaixa.Service", "FluxoDeCaixa.Service\FluxoDeCaixa.Service.csproj", "{0E707D66-3A77-4DB5-BD0E-81769719FE16}"
EndProject
Project("{9A19103F-16F7-4668-BE54-9A1E7A4F7556}") = "FluxoDeCaixa.Repository", "FluxoDeCaixa.Repository\FluxoDeCaixa.Repository.csproj", "{15CD0954-52FE-4660-89E8-05AABBB5B299}"
EndProject
Project("{9A19103F-16F7-4668-BE54-9A1E7A4F7556}") = "FluxoDeCaixa.Ioc", "FluxoDeCaixa.Ioc\FluxoDeCaixa.Ioc.csproj", "{AAEFA7FA-9800-4949-840D-677E1952C24B}"
EndProject
Project("{FAE04EC0-301F-11D3-BF4B-00C04F79EFBC}") = "ReverseEF", "ReverseEF\ReverseEF.csproj", "{493B4465-0E1A-46CB-ABD0-9F7DE01C7380}"
EndProject
Project("{FAE04EC0-301F-11D3-BF4B-00C04F79EFBC}") = "FluxodeCaixa.ViewModel", "FluxodeCaixa.ViewModel\FluxodeCaixa.ViewModel.csproj", "{1E7C1A3E-A082-4189-BA3A-14F93AF91F7E}"
EndProject
Global
	GlobalSection(SolutionConfigurationPlatforms) = preSolution
		Debug|Any CPU = Debug|Any CPU
		Release|Any CPU = Release|Any CPU
	EndGlobalSection
	GlobalSection(ProjectConfigurationPlatforms) = postSolution
		{1D1BC8F2-A2E1-4553-9A65-772F51C0F651}.Debug|Any CPU.ActiveCfg = Debug|Any CPU
		{1D1BC8F2-A2E1-4553-9A65-772F51C0F651}.Debug|Any CPU.Build.0 = Debug|Any CPU
		{1D1BC8F2-A2E1-4553-9A65-772F51C0F651}.Release|Any CPU.ActiveCfg = Release|Any CPU
		{1D1BC8F2-A2E1-4553-9A65-772F51C0F651}.Release|Any CPU.Build.0 = Release|Any CPU
		{24544CF0-4732-4080-B557-0B70BA3F7AC7}.Debug|Any CPU.ActiveCfg = Debug|Any CPU
		{24544CF0-4732-4080-B557-0B70BA3F7AC7}.Debug|Any CPU.Build.0 = Debug|Any CPU
		{24544CF0-4732-4080-B557-0B70BA3F7AC7}.Release|Any CPU.ActiveCfg = Release|Any CPU
		{24544CF0-4732-4080-B557-0B70BA3F7AC7}.Release|Any CPU.Build.0 = Release|Any CPU
		{583178D9-0002-4894-B9AC-6AD6CA85F7F2}.Debug|Any CPU.ActiveCfg = Debug|Any CPU
		{583178D9-0002-4894-B9AC-6AD6CA85F7F2}.Debug|Any CPU.Build.0 = Debug|Any CPU
		{583178D9-0002-4894-B9AC-6AD6CA85F7F2}.Release|Any CPU.ActiveCfg = Release|Any CPU
		{583178D9-0002-4894-B9AC-6AD6CA85F7F2}.Release|Any CPU.Build.0 = Release|Any CPU
		{0E707D66-3A77-4DB5-BD0E-81769719FE16}.Debug|Any CPU.ActiveCfg = Debug|Any CPU
		{0E707D66-3A77-4DB5-BD0E-81769719FE16}.Debug|Any CPU.Build.0 = Debug|Any CPU
		{0E707D66-3A77-4DB5-BD0E-81769719FE16}.Release|Any CPU.ActiveCfg = Release|Any CPU
		{0E707D66-3A77-4DB5-BD0E-81769719FE16}.Release|Any CPU.Build.0 = Release|Any CPU
		{15CD0954-52FE-4660-89E8-05AABBB5B299}.Debug|Any CPU.ActiveCfg = Debug|Any CPU
		{15CD0954-52FE-4660-89E8-05AABBB5B299}.Debug|Any CPU.Build.0 = Debug|Any CPU
		{15CD0954-52FE-4660-89E8-05AABBB5B299}.Release|Any CPU.ActiveCfg = Release|Any CPU
		{15CD0954-52FE-4660-89E8-05AABBB5B299}.Release|Any CPU.Build.0 = Release|Any CPU
		{AAEFA7FA-9800-4949-840D-677E1952C24B}.Debug|Any CPU.ActiveCfg = Debug|Any CPU
		{AAEFA7FA-9800-4949-840D-677E1952C24B}.Debug|Any CPU.Build.0 = Debug|Any CPU
		{AAEFA7FA-9800-4949-840D-677E1952C24B}.Release|Any CPU.ActiveCfg = Release|Any CPU
		{AAEFA7FA-9800-4949-840D-677E1952C24B}.Release|Any CPU.Build.0 = Release|Any CPU
		{493B4465-0E1A-46CB-ABD0-9F7DE01C7380}.Debug|Any CPU.ActiveCfg = Debug|Any CPU
		{493B4465-0E1A-46CB-ABD0-9F7DE01C7380}.Debug|Any CPU.Build.0 = Debug|Any CPU
		{493B4465-0E1A-46CB-ABD0-9F7DE01C7380}.Release|Any CPU.ActiveCfg = Release|Any CPU
		{493B4465-0E1A-46CB-ABD0-9F7DE01C7380}.Release|Any CPU.Build.0 = Release|Any CPU
		{1E7C1A3E-A082-4189-BA3A-14F93AF91F7E}.Debug|Any CPU.ActiveCfg = Debug|Any CPU
		{1E7C1A3E-A082-4189-BA3A-14F93AF91F7E}.Debug|Any CPU.Build.0 = Debug|Any CPU
		{1E7C1A3E-A082-4189-BA3A-14F93AF91F7E}.Release|Any CPU.ActiveCfg = Release|Any CPU
		{1E7C1A3E-A082-4189-BA3A-14F93AF91F7E}.Release|Any CPU.Build.0 = Release|Any CPU
	EndGlobalSection
	GlobalSection(SolutionProperties) = preSolution
		HideSolutionNode = FALSE
	EndGlobalSection
	GlobalSection(NestedProjects) = preSolution
		{1D1BC8F2-A2E1-4553-9A65-772F51C0F651} = {4727DBB8-D7DC-4C23-87C9-94F3E3FEC410}
		{24544CF0-4732-4080-B557-0B70BA3F7AC7} = {941597EB-E2B3-4A99-BC10-ACF319DE1840}
		{583178D9-0002-4894-B9AC-6AD6CA85F7F2} = {7BDBAF75-EAD5-4454-B6F9-50CF5B466ED3}
		{0E707D66-3A77-4DB5-BD0E-81769719FE16} = {9FF49C6C-9ABC-4AA2-9C7B-74C0ED64B2B8}
		{15CD0954-52FE-4660-89E8-05AABBB5B299} = {1218032F-10E9-48B3-BB33-2810CCA252D2}
		{AAEFA7FA-9800-4949-840D-677E1952C24B} = {1EEE71C1-B278-4A3D-B030-DAE042EFA374}
		{493B4465-0E1A-46CB-ABD0-9F7DE01C7380} = {1EEE71C1-B278-4A3D-B030-DAE042EFA374}
		{1E7C1A3E-A082-4189-BA3A-14F93AF91F7E} = {941597EB-E2B3-4A99-BC10-ACF319DE1840}
	EndGlobalSection
	GlobalSection(ExtensibilityGlobals) = postSolution
		SolutionGuid = {85CD64EE-EEFB-4269-872F-B41920594AE5}
	EndGlobalSection
EndGlobal
